<?xml version="1.0" encoding="utf-8"?>
<Project ToolsVersion="4.0" xmlns="http://schemas.microsoft.com/developer/msbuild/2003">
  <ItemGroup>
    <Filter Include="Source Files">
      <UniqueIdentifier>{4FC737F1-C7A5-4376-A066-2A32D752A2FF}</UniqueIdentifier>
      <Extensions>cpp;c;cc;cxx;def;odl;idl;hpj;bat;asm;asmx</Extensions>
    </Filter>
    <Filter Include="Header Files">
      <UniqueIdentifier>{93995380-89BD-4b04-88EB-625FBE52EBFB}</UniqueIdentifier>
      <Extensions>h;hh;hpp;hxx;hm;inl;inc;xsd</Extensions>
    </Filter>
    <Filter Include="Resource Files">
      <UniqueIdentifier>{67DA6AB6-F800-4c08-8B7A-83BB121AAD01}</UniqueIdentifier>
      <Extensions>rc;ico;cur;bmp;dlg;rc2;rct;bin;rgs;gif;jpg;jpeg;jpe;resx;tiff;tif;png;wav;mfcribbon-ms</Extensions>
    </Filter>
    <Filter Include="Header Files\UI">
      <UniqueIdentifier>{cf6ed09b-4f42-4a5e-bfe5-cde5276c1c72}</UniqueIdentifier>
    </Filter>
    <Filter Include="Header Files\Profiles">
      <UniqueIdentifier>{ec260cbd-cc90-4182-b5f8-d230e3d3705a}</UniqueIdentifier>
    </Filter>
    <Filter Include="Source Files\Profiles">
      <UniqueIdentifier>{441242c1-e4f5-43f3-96e0-38d456e25d46}</UniqueIdentifier>
    </Filter>
    <Filter Include="Source Files\UI">
      <UniqueIdentifier>{d300addf-80d4-4746-8f7d-38b3f05033c1}</UniqueIdentifier>
    </Filter>
    <Filter Include="Header Files\GameObjects">
      <UniqueIdentifier>{c6f39626-efd6-46cd-ae67-ba31e7b3d7e2}</UniqueIdentifier>
    </Filter>
    <Filter Include="Source Files\Game Obejcts">
      <UniqueIdentifier>{bf3b2b43-ba12-4ab7-ad9e-24be2365ca9c}</UniqueIdentifier>
    </Filter>
    <Filter Include="Header Files\Engine">
      <UniqueIdentifier>{23210ca6-3203-4eeb-adcc-f1a0b20037c7}</UniqueIdentifier>
    </Filter>
    <Filter Include="Source Files\Engine">
      <UniqueIdentifier>{47501929-b910-4a60-935b-178c4a57b14a}</UniqueIdentifier>
    </Filter>
    <Filter Include="Source Files\Other">
      <UniqueIdentifier>{541888be-c3eb-4fc3-be80-bde36450b21b}</UniqueIdentifier>
    </Filter>
    <Filter Include="Header Files\Ai">
      <UniqueIdentifier>{2a175107-69e3-49be-8365-f0bbfc56a300}</UniqueIdentifier>
    </Filter>
    <Filter Include="Source Files\Ai">
      <UniqueIdentifier>{e955e084-eb15-42f2-b83b-80256b903704}</UniqueIdentifier>
    </Filter>
    <Filter Include="Source Files\Player">
      <UniqueIdentifier>{0eea0d01-8620-41ac-9ee4-7581f6571adf}</UniqueIdentifier>
    </Filter>
    <Filter Include="Header Files\Player">
      <UniqueIdentifier>{e42e8072-3ae1-46bb-a864-a8a7f8107699}</UniqueIdentifier>
    </Filter>
    <Filter Include="Header Files\Other">
      <UniqueIdentifier>{962ce2f8-54ee-4a9a-acb2-766eb77a3568}</UniqueIdentifier>
    </Filter>
  </ItemGroup>
  <ItemGroup>
    <ClCompile Include="src\Achievement.cpp">
      <Filter>Source Files\Profiles</Filter>
    </ClCompile>
    <ClCompile Include="src\Profile.cpp">
      <Filter>Source Files\Profiles</Filter>
    </ClCompile>
    <ClCompile Include="src\Button.cpp">
      <Filter>Source Files\UI</Filter>
    </ClCompile>
    <ClCompile Include="src\Clickable.cpp">
      <Filter>Source Files\UI</Filter>
    </ClCompile>
    <ClCompile Include="src\Hoverable.cpp">
      <Filter>Source Files\UI</Filter>
    </ClCompile>
    <ClCompile Include="src\Overlay.cpp">
      <Filter>Source Files\UI</Filter>
    </ClCompile>
    <ClCompile Include="src\TextBox.cpp">
      <Filter>Source Files\UI</Filter>
    </ClCompile>
    <ClCompile Include="src\Game.cpp">
      <Filter>Source Files\Engine</Filter>
    </ClCompile>
    <ClCompile Include="src\TextureObject.cpp">
      <Filter>Source Files\Engine</Filter>
    </ClCompile>
    <ClCompile Include="src\CollisionDetection.cpp">
      <Filter>Source Files\Engine</Filter>
    </ClCompile>
    <ClCompile Include="src\Sound.cpp">
      <Filter>Source Files\Engine</Filter>
    </ClCompile>
    <ClCompile Include="src\Node.cpp">
      <Filter>Source Files\Ai</Filter>
    </ClCompile>
    <ClCompile Include="src\Pathfinding.cpp">
      <Filter>Source Files\Ai</Filter>
    </ClCompile>
    <ClCompile Include="src\main.cpp">
      <Filter>Source Files\Other</Filter>
    </ClCompile>
    <ClCompile Include="src\Controller.cpp">
      <Filter>Source Files\Ai</Filter>
    </ClCompile>
    <ClCompile Include="src\Terrian.cpp">
      <Filter>Source Files\Game Obejcts</Filter>
    </ClCompile>
    <ClCompile Include="src\Unit.cpp">
      <Filter>Source Files\Game Obejcts</Filter>
    </ClCompile>
    <ClCompile Include="src\StatManagerUnit.cpp">
      <Filter>Source Files\Game Obejcts</Filter>
    </ClCompile>
    <ClCompile Include="src\TeamPlayer.cpp">
      <Filter>Source Files\Player</Filter>
    </ClCompile>
    <ClCompile Include="src\Building.cpp">
      <Filter>Source Files\Game Obejcts</Filter>
    </ClCompile>
  </ItemGroup>
  <ItemGroup>
    <ClInclude Include="include\Achievement.h">
      <Filter>Header Files\Profiles</Filter>
    </ClInclude>
    <ClInclude Include="include\Profile.h">
      <Filter>Header Files\Profiles</Filter>
    </ClInclude>
    <ClInclude Include="include\Button.h">
      <Filter>Header Files\UI</Filter>
    </ClInclude>
    <ClInclude Include="include\Clickable.h">
      <Filter>Header Files\UI</Filter>
    </ClInclude>
    <ClInclude Include="include\Hoverable.h">
      <Filter>Header Files\UI</Filter>
    </ClInclude>
    <ClInclude Include="include\Overlay.h">
      <Filter>Header Files\UI</Filter>
    </ClInclude>
    <ClInclude Include="include\TextBox.h">
      <Filter>Header Files\UI</Filter>
    </ClInclude>
    <ClInclude Include="include\Game.h">
      <Filter>Header Files\Engine</Filter>
    </ClInclude>
    <ClInclude Include="include\TextureObject.h">
      <Filter>Header Files\Engine</Filter>
    </ClInclude>
    <ClInclude Include="include\CollisionDetection.h">
      <Filter>Header Files\Engine</Filter>
    </ClInclude>
    <ClInclude Include="include\Sound.h">
      <Filter>Header Files\Engine</Filter>
    </ClInclude>
    <ClInclude Include="include\Node.h">
      <Filter>Header Files\Ai</Filter>
    </ClInclude>
    <ClInclude Include="include\Pathfinding.h">
      <Filter>Header Files\Ai</Filter>
    </ClInclude>
    <ClInclude Include="include\Controller.h">
      <Filter>Header Files\Ai</Filter>
    </ClInclude>
    <ClInclude Include="include\Terrian.h">
      <Filter>Header Files\GameObjects</Filter>
    </ClInclude>
    <ClInclude Include="include\Unit.h">
      <Filter>Header Files\GameObjects</Filter>
    </ClInclude>
    <ClInclude Include="include\StatManagerUnit.h">
      <Filter>Header Files\GameObjects</Filter>
    </ClInclude>
    <ClInclude Include="include\TeamPlayer.h">
      <Filter>Header Files\Player</Filter>
    </ClInclude>
    <ClInclude Include="include\Includes.h">
      <Filter>Header Files\Other</Filter>
    </ClInclude>
    <ClInclude Include="include\Building.h">
      <Filter>Header Files\GameObjects</Filter>
    </ClInclude>
  </ItemGroup>
</Project>